
Microsoft Visual Studio Solution File, Format Version 12.00
# Visual Studio Version 17
VisualStudioVersion = 17.7.34003.232
MinimumVisualStudioVersion = 10.0.40219.1
Project("{FAE04EC0-301F-11D3-BF4B-00C04F79EFBC}") = "blogpessoalTestex", "blogpessoalTestex.csproj", "{6FA55068-83B9-453E-A376-8CC490882333}"
EndProject
Project("{9A19103F-16F7-4668-BE54-9A1E7A4F7556}") = "blogpessoal", "..\..\blogpessoal\blogpessoal.csproj", "{7FE4EFBA-213B-422E-A471-758B9ADA7339}"
EndProject
Global
	GlobalSection(SolutionConfigurationPlatforms) = preSolution
		Debug|Any CPU = Debug|Any CPU
		Release|Any CPU = Release|Any CPU
	EndGlobalSection
	GlobalSection(ProjectConfigurationPlatforms) = postSolution
		{6FA55068-83B9-453E-A376-8CC490882333}.Debug|Any CPU.ActiveCfg = Debug|Any CPU
		{6FA55068-83B9-453E-A376-8CC490882333}.Debug|Any CPU.Build.0 = Debug|Any CPU
		{6FA55068-83B9-453E-A376-8CC490882333}.Release|Any CPU.ActiveCfg = Release|Any CPU
		{6FA55068-83B9-453E-A376-8CC490882333}.Release|Any CPU.Build.0 = Release|Any CPU
		{7FE4EFBA-213B-422E-A471-758B9ADA7339}.Debug|Any CPU.ActiveCfg = Debug|Any CPU
		{7FE4EFBA-213B-422E-A471-758B9ADA7339}.Debug|Any CPU.Build.0 = Debug|Any CPU
		{7FE4EFBA-213B-422E-A471-758B9ADA7339}.Release|Any CPU.ActiveCfg = Release|Any CPU
		{7FE4EFBA-213B-422E-A471-758B9ADA7339}.Release|Any CPU.Build.0 = Release|Any CPU
	EndGlobalSection
	GlobalSection(SolutionProperties) = preSolution
		HideSolutionNode = FALSE
	EndGlobalSection
	GlobalSection(ExtensibilityGlobals) = postSolution
		SolutionGuid = {F92104FA-834A-4DD4-9FF2-7913C4FE3CF7}
	EndGlobalSection
EndGlobal
